
Microsoft Visual Studio Solution File, Format Version 12.00
# Visual Studio Express 2012 for Windows Desktop
Project("{8BC9CEB8-8B4A-11D0-8D11-00A0C91BC942}") = "01-make_window", "projects\01-make_window\01-make_window.vcxproj", "{B8E1864E-F3B5-474B-AF6B-A5A32FA48F3F}"
EndProject
Project("{8BC9CEB8-8B4A-11D0-8D11-00A0C91BC942}") = "02-fixedFPS", "projects\02-fixedFPS\02-fixedFPS.vcxproj", "{0D0591D3-5922-469D-BC06-A3AB5147C750}"
EndProject
Project("{8BC9CEB8-8B4A-11D0-8D11-00A0C91BC942}") = "03-window_classize", "projects\03-window_classize\03-window_classize.vcxproj", "{CF7E758A-7F57-42BE-887D-4AC630FDD3BF}"
EndProject
Global
	GlobalSection(SolutionConfigurationPlatforms) = preSolution
		Debug|Win32 = Debug|Win32
		Release|Win32 = Release|Win32
	EndGlobalSection
	GlobalSection(ProjectConfigurationPlatforms) = postSolution
		{B8E1864E-F3B5-474B-AF6B-A5A32FA48F3F}.Debug|Win32.ActiveCfg = Debug|Win32
		{B8E1864E-F3B5-474B-AF6B-A5A32FA48F3F}.Debug|Win32.Build.0 = Debug|Win32
		{B8E1864E-F3B5-474B-AF6B-A5A32FA48F3F}.Release|Win32.ActiveCfg = Release|Win32
		{B8E1864E-F3B5-474B-AF6B-A5A32FA48F3F}.Release|Win32.Build.0 = Release|Win32
		{0D0591D3-5922-469D-BC06-A3AB5147C750}.Debug|Win32.ActiveCfg = Debug|Win32
		{0D0591D3-5922-469D-BC06-A3AB5147C750}.Debug|Win32.Build.0 = Debug|Win32
		{0D0591D3-5922-469D-BC06-A3AB5147C750}.Release|Win32.ActiveCfg = Release|Win32
		{0D0591D3-5922-469D-BC06-A3AB5147C750}.Release|Win32.Build.0 = Release|Win32
		{CF7E758A-7F57-42BE-887D-4AC630FDD3BF}.Debug|Win32.ActiveCfg = Debug|Win32
		{CF7E758A-7F57-42BE-887D-4AC630FDD3BF}.Debug|Win32.Build.0 = Debug|Win32
		{CF7E758A-7F57-42BE-887D-4AC630FDD3BF}.Release|Win32.ActiveCfg = Release|Win32
		{CF7E758A-7F57-42BE-887D-4AC630FDD3BF}.Release|Win32.Build.0 = Release|Win32
	EndGlobalSection
	GlobalSection(SolutionProperties) = preSolution
		HideSolutionNode = FALSE
	EndGlobalSection
EndGlobal
