
Microsoft Visual Studio Solution File, Format Version 12.00
# Visual Studio Express 2012 for Windows Desktop
Project("{8BC9CEB8-8B4A-11D0-8D11-00A0C91BC942}") = "01-make_window", "projects\01-make_window\01-make_window.vcxproj", "{B8E1864E-F3B5-474B-AF6B-A5A32FA48F3F}"
EndProject
Project("{8BC9CEB8-8B4A-11D0-8D11-00A0C91BC942}") = "02-fixedFPS", "projects\02-fixedFPS\02-fixedFPS.vcxproj", "{0D0591D3-5922-469D-BC06-A3AB5147C750}"
EndProject
Project("{8BC9CEB8-8B4A-11D0-8D11-00A0C91BC942}") = "03-window_classize", "projects\03-window_classize\03-window_classize.vcxproj", "{CF7E758A-7F57-42BE-887D-4AC630FDD3BF}"
EndProject
Project("{8BC9CEB8-8B4A-11D0-8D11-00A0C91BC942}") = "04-input_char", "projects\04-input_char\04-input_char.vcxproj", "{7F00BEB0-45BE-479D-A166-6A8D7F6A7C9A}"
EndProject
Project("{8BC9CEB8-8B4A-11D0-8D11-00A0C91BC942}") = "05-input_string", "projects\05-input_string\05-input_string.vcxproj", "{2BF0444A-6058-4910-B9E9-878270835BAB}"
EndProject
Project("{8BC9CEB8-8B4A-11D0-8D11-00A0C91BC942}") = "07_sub_window", "projects\07_sub_window\07_sub_window.vcxproj", "{B049B6CE-CC47-4B87-B925-F5EB4D53A19B}"
EndProject
Project("{8BC9CEB8-8B4A-11D0-8D11-00A0C91BC942}") = "08-pad", "projects\08-pad\08-pad.vcxproj", "{CE1616A3-8E1C-441C-AF99-913AD2034728}"
EndProject
Project("{8BC9CEB8-8B4A-11D0-8D11-00A0C91BC942}") = "09-attribute", "projects\09-attribute\09-attribute.vcxproj", "{42188B85-5EAB-492C-B91D-4CE4B3FB83A8}"
EndProject
Project("{8BC9CEB8-8B4A-11D0-8D11-00A0C91BC942}") = "10-color", "projects\10-color\10-color.vcxproj", "{C401EFD3-479D-4470-B28F-2FE50E8C3B24}"
EndProject
Project("{8BC9CEB8-8B4A-11D0-8D11-00A0C91BC942}") = "11-mouse", "projects\11-mouse\11-mouse.vcxproj", "{46DFAE0F-A11F-409E-B0C3-EBDFF964799C}"
EndProject
Project("{8BC9CEB8-8B4A-11D0-8D11-00A0C91BC942}") = "12-mouse2", "projects\12-mouse2\12-mouse2.vcxproj", "{A5B4E1F3-3D74-4476-8306-19A823EFD688}"
EndProject
Project("{8BC9CEB8-8B4A-11D0-8D11-00A0C91BC942}") = "06-multi_windows", "projects\06-multi_windows\06-multi_windows.vcxproj", "{37AF1C1B-7474-4922-A681-B9D9A04EBE7E}"
EndProject
Project("{8BC9CEB8-8B4A-11D0-8D11-00A0C91BC942}") = "13-basic", "projects\13-basic\13-basic.vcxproj", "{A52A0D2B-8B8E-46AB-BEEA-40AA104E36CB}"
EndProject
Project("{8BC9CEB8-8B4A-11D0-8D11-00A0C91BC942}") = "14-basic2_window", "projects\14-basic2_window\14-basic2_window.vcxproj", "{AAD2008C-AD1C-4494-A99C-E3BC4FF86C7D}"
EndProject
Project("{8BC9CEB8-8B4A-11D0-8D11-00A0C91BC942}") = "15-basic2_window-update", "projects\15-basic2_window-update\15-basic2_window-update.vcxproj", "{D450B2AE-6E1A-41BD-9C28-C4228D0DBCB3}"
EndProject
Project("{8BC9CEB8-8B4A-11D0-8D11-00A0C91BC942}") = "16-tetrislike", "projects\16-tetrislike\16-tetrislike.vcxproj", "{8EE1D142-62D7-4FA9-BED7-6A327802808F}"
EndProject
Global
	GlobalSection(SolutionConfigurationPlatforms) = preSolution
		Debug|Win32 = Debug|Win32
		Release|Win32 = Release|Win32
	EndGlobalSection
	GlobalSection(ProjectConfigurationPlatforms) = postSolution
		{B8E1864E-F3B5-474B-AF6B-A5A32FA48F3F}.Debug|Win32.ActiveCfg = Debug|Win32
		{B8E1864E-F3B5-474B-AF6B-A5A32FA48F3F}.Debug|Win32.Build.0 = Debug|Win32
		{B8E1864E-F3B5-474B-AF6B-A5A32FA48F3F}.Release|Win32.ActiveCfg = Release|Win32
		{B8E1864E-F3B5-474B-AF6B-A5A32FA48F3F}.Release|Win32.Build.0 = Release|Win32
		{0D0591D3-5922-469D-BC06-A3AB5147C750}.Debug|Win32.ActiveCfg = Debug|Win32
		{0D0591D3-5922-469D-BC06-A3AB5147C750}.Debug|Win32.Build.0 = Debug|Win32
		{0D0591D3-5922-469D-BC06-A3AB5147C750}.Release|Win32.ActiveCfg = Release|Win32
		{0D0591D3-5922-469D-BC06-A3AB5147C750}.Release|Win32.Build.0 = Release|Win32
		{CF7E758A-7F57-42BE-887D-4AC630FDD3BF}.Debug|Win32.ActiveCfg = Debug|Win32
		{CF7E758A-7F57-42BE-887D-4AC630FDD3BF}.Debug|Win32.Build.0 = Debug|Win32
		{CF7E758A-7F57-42BE-887D-4AC630FDD3BF}.Release|Win32.ActiveCfg = Release|Win32
		{CF7E758A-7F57-42BE-887D-4AC630FDD3BF}.Release|Win32.Build.0 = Release|Win32
		{7F00BEB0-45BE-479D-A166-6A8D7F6A7C9A}.Debug|Win32.ActiveCfg = Debug|Win32
		{7F00BEB0-45BE-479D-A166-6A8D7F6A7C9A}.Debug|Win32.Build.0 = Debug|Win32
		{7F00BEB0-45BE-479D-A166-6A8D7F6A7C9A}.Release|Win32.ActiveCfg = Release|Win32
		{7F00BEB0-45BE-479D-A166-6A8D7F6A7C9A}.Release|Win32.Build.0 = Release|Win32
		{2BF0444A-6058-4910-B9E9-878270835BAB}.Debug|Win32.ActiveCfg = Debug|Win32
		{2BF0444A-6058-4910-B9E9-878270835BAB}.Debug|Win32.Build.0 = Debug|Win32
		{2BF0444A-6058-4910-B9E9-878270835BAB}.Release|Win32.ActiveCfg = Release|Win32
		{2BF0444A-6058-4910-B9E9-878270835BAB}.Release|Win32.Build.0 = Release|Win32
		{B049B6CE-CC47-4B87-B925-F5EB4D53A19B}.Debug|Win32.ActiveCfg = Debug|Win32
		{B049B6CE-CC47-4B87-B925-F5EB4D53A19B}.Debug|Win32.Build.0 = Debug|Win32
		{B049B6CE-CC47-4B87-B925-F5EB4D53A19B}.Release|Win32.ActiveCfg = Release|Win32
		{B049B6CE-CC47-4B87-B925-F5EB4D53A19B}.Release|Win32.Build.0 = Release|Win32
		{CE1616A3-8E1C-441C-AF99-913AD2034728}.Debug|Win32.ActiveCfg = Debug|Win32
		{CE1616A3-8E1C-441C-AF99-913AD2034728}.Debug|Win32.Build.0 = Debug|Win32
		{CE1616A3-8E1C-441C-AF99-913AD2034728}.Release|Win32.ActiveCfg = Release|Win32
		{CE1616A3-8E1C-441C-AF99-913AD2034728}.Release|Win32.Build.0 = Release|Win32
		{42188B85-5EAB-492C-B91D-4CE4B3FB83A8}.Debug|Win32.ActiveCfg = Debug|Win32
		{42188B85-5EAB-492C-B91D-4CE4B3FB83A8}.Debug|Win32.Build.0 = Debug|Win32
		{42188B85-5EAB-492C-B91D-4CE4B3FB83A8}.Release|Win32.ActiveCfg = Release|Win32
		{42188B85-5EAB-492C-B91D-4CE4B3FB83A8}.Release|Win32.Build.0 = Release|Win32
		{C401EFD3-479D-4470-B28F-2FE50E8C3B24}.Debug|Win32.ActiveCfg = Debug|Win32
		{C401EFD3-479D-4470-B28F-2FE50E8C3B24}.Debug|Win32.Build.0 = Debug|Win32
		{C401EFD3-479D-4470-B28F-2FE50E8C3B24}.Release|Win32.ActiveCfg = Release|Win32
		{C401EFD3-479D-4470-B28F-2FE50E8C3B24}.Release|Win32.Build.0 = Release|Win32
		{46DFAE0F-A11F-409E-B0C3-EBDFF964799C}.Debug|Win32.ActiveCfg = Debug|Win32
		{46DFAE0F-A11F-409E-B0C3-EBDFF964799C}.Debug|Win32.Build.0 = Debug|Win32
		{46DFAE0F-A11F-409E-B0C3-EBDFF964799C}.Release|Win32.ActiveCfg = Release|Win32
		{46DFAE0F-A11F-409E-B0C3-EBDFF964799C}.Release|Win32.Build.0 = Release|Win32
		{A5B4E1F3-3D74-4476-8306-19A823EFD688}.Debug|Win32.ActiveCfg = Debug|Win32
		{A5B4E1F3-3D74-4476-8306-19A823EFD688}.Debug|Win32.Build.0 = Debug|Win32
		{A5B4E1F3-3D74-4476-8306-19A823EFD688}.Release|Win32.ActiveCfg = Release|Win32
		{A5B4E1F3-3D74-4476-8306-19A823EFD688}.Release|Win32.Build.0 = Release|Win32
		{37AF1C1B-7474-4922-A681-B9D9A04EBE7E}.Debug|Win32.ActiveCfg = Debug|Win32
		{37AF1C1B-7474-4922-A681-B9D9A04EBE7E}.Debug|Win32.Build.0 = Debug|Win32
		{37AF1C1B-7474-4922-A681-B9D9A04EBE7E}.Release|Win32.ActiveCfg = Release|Win32
		{37AF1C1B-7474-4922-A681-B9D9A04EBE7E}.Release|Win32.Build.0 = Release|Win32
		{A52A0D2B-8B8E-46AB-BEEA-40AA104E36CB}.Debug|Win32.ActiveCfg = Debug|Win32
		{A52A0D2B-8B8E-46AB-BEEA-40AA104E36CB}.Debug|Win32.Build.0 = Debug|Win32
		{A52A0D2B-8B8E-46AB-BEEA-40AA104E36CB}.Release|Win32.ActiveCfg = Release|Win32
		{A52A0D2B-8B8E-46AB-BEEA-40AA104E36CB}.Release|Win32.Build.0 = Release|Win32
		{AAD2008C-AD1C-4494-A99C-E3BC4FF86C7D}.Debug|Win32.ActiveCfg = Debug|Win32
		{AAD2008C-AD1C-4494-A99C-E3BC4FF86C7D}.Debug|Win32.Build.0 = Debug|Win32
		{AAD2008C-AD1C-4494-A99C-E3BC4FF86C7D}.Release|Win32.ActiveCfg = Release|Win32
		{AAD2008C-AD1C-4494-A99C-E3BC4FF86C7D}.Release|Win32.Build.0 = Release|Win32
		{D450B2AE-6E1A-41BD-9C28-C4228D0DBCB3}.Debug|Win32.ActiveCfg = Debug|Win32
		{D450B2AE-6E1A-41BD-9C28-C4228D0DBCB3}.Debug|Win32.Build.0 = Debug|Win32
		{D450B2AE-6E1A-41BD-9C28-C4228D0DBCB3}.Release|Win32.ActiveCfg = Release|Win32
		{D450B2AE-6E1A-41BD-9C28-C4228D0DBCB3}.Release|Win32.Build.0 = Release|Win32
		{8EE1D142-62D7-4FA9-BED7-6A327802808F}.Debug|Win32.ActiveCfg = Debug|Win32
		{8EE1D142-62D7-4FA9-BED7-6A327802808F}.Debug|Win32.Build.0 = Debug|Win32
		{8EE1D142-62D7-4FA9-BED7-6A327802808F}.Release|Win32.ActiveCfg = Release|Win32
		{8EE1D142-62D7-4FA9-BED7-6A327802808F}.Release|Win32.Build.0 = Release|Win32
	EndGlobalSection
	GlobalSection(SolutionProperties) = preSolution
		HideSolutionNode = FALSE
	EndGlobalSection
EndGlobal
